
Microsoft Visual Studio Solution File, Format Version 12.00
Project("{FAE04EC0-301F-11D3-BF4B-00C04F79EFBC}") = "RenSharp", "RenSharp\RenSharp.csproj", "{AD2F4613-5BCC-4CE6-B595-FB06812C0CE9}"
EndProject
Project("{FAE04EC0-301F-11D3-BF4B-00C04F79EFBC}") = "RenSharp.Tests", "RenSharp.Tests\RenSharp.Tests.csproj", "{0CD2020F-2743-40BF-839C-F7C8871920D2}"
EndProject
Global
	GlobalSection(SolutionConfigurationPlatforms) = preSolution
		Debug|Any CPU = Debug|Any CPU
		Release|Any CPU = Release|Any CPU
	EndGlobalSection
	GlobalSection(ProjectConfigurationPlatforms) = postSolution
		{AD2F4613-5BCC-4CE6-B595-FB06812C0CE9}.Debug|Any CPU.ActiveCfg = Debug|Any CPU
		{AD2F4613-5BCC-4CE6-B595-FB06812C0CE9}.Debug|Any CPU.Build.0 = Debug|Any CPU
		{AD2F4613-5BCC-4CE6-B595-FB06812C0CE9}.Release|Any CPU.ActiveCfg = Release|Any CPU
		{AD2F4613-5BCC-4CE6-B595-FB06812C0CE9}.Release|Any CPU.Build.0 = Release|Any CPU
		{0CD2020F-2743-40BF-839C-F7C8871920D2}.Debug|Any CPU.ActiveCfg = Debug|Any CPU
		{0CD2020F-2743-40BF-839C-F7C8871920D2}.Debug|Any CPU.Build.0 = Debug|Any CPU
		{0CD2020F-2743-40BF-839C-F7C8871920D2}.Release|Any CPU.ActiveCfg = Release|Any CPU
		{0CD2020F-2743-40BF-839C-F7C8871920D2}.Release|Any CPU.Build.0 = Release|Any CPU
	EndGlobalSection
EndGlobal
